
Microsoft Visual Studio Solution File, Format Version 12.00
# Visual Studio 15
VisualStudioVersion = 15.0.26730.16
MinimumVisualStudioVersion = 10.0.40219.1
Project("{FAE04EC0-301F-11D3-BF4B-00C04F79EFBC}") = "SlotDemo", "SlotDemo\SlotDemo.csproj", "{B84DB89D-7AB8-4303-AED2-EDFE796C9E5B}"
EndProject
Global
	GlobalSection(SolutionConfigurationPlatforms) = preSolution
		Debug|Any CPU = Debug|Any CPU
		Release|Any CPU = Release|Any CPU
	EndGlobalSection
	GlobalSection(ProjectConfigurationPlatforms) = postSolution
		{B84DB89D-7AB8-4303-AED2-EDFE796C9E5B}.Debug|Any CPU.ActiveCfg = Debug|Any CPU
		{B84DB89D-7AB8-4303-AED2-EDFE796C9E5B}.Debug|Any CPU.Build.0 = Debug|Any CPU
		{B84DB89D-7AB8-4303-AED2-EDFE796C9E5B}.Release|Any CPU.ActiveCfg = Release|Any CPU
		{B84DB89D-7AB8-4303-AED2-EDFE796C9E5B}.Release|Any CPU.Build.0 = Release|Any CPU
	EndGlobalSection
	GlobalSection(SolutionProperties) = preSolution
		HideSolutionNode = FALSE
	EndGlobalSection
	GlobalSection(ExtensibilityGlobals) = postSolution
		SolutionGuid = {8C33DF67-DEE3-4D44-9BED-3D61375479E9}
	EndGlobalSection
EndGlobal
